
Microsoft Visual Studio Solution File, Format Version 12.00
# Visual Studio 15
VisualStudioVersion = 15.0.28307.106
MinimumVisualStudioVersion = 10.0.40219.1
Project("{E24C65DC-7377-472B-9ABA-BC803B73C61A}") = "TeacherRegistrationUI", ".", "{694E09B3-74A3-47D1-8BBD-CEC3E4A1258C}"
	ProjectSection(WebsiteProperties) = preProject
		TargetFrameworkMoniker = ".NETFramework,Version%3Dv4.0"
		Debug.AspNetCompiler.VirtualPath = "/localhost_50633"
		Debug.AspNetCompiler.PhysicalPath = "..\TeacherRegistrationUI\"
		Debug.AspNetCompiler.TargetPath = "PrecompiledWeb\localhost_50633\"
		Debug.AspNetCompiler.Updateable = "true"
		Debug.AspNetCompiler.ForceOverwrite = "true"
		Debug.AspNetCompiler.FixedNames = "false"
		Debug.AspNetCompiler.Debug = "True"
		Release.AspNetCompiler.VirtualPath = "/localhost_50633"
		Release.AspNetCompiler.PhysicalPath = "..\TeacherRegistrationUI\"
		Release.AspNetCompiler.TargetPath = "PrecompiledWeb\localhost_50633\"
		Release.AspNetCompiler.Updateable = "true"
		Release.AspNetCompiler.ForceOverwrite = "true"
		Release.AspNetCompiler.FixedNames = "false"
		Release.AspNetCompiler.Debug = "False"
		VWDPort = "50633"
		SlnRelativePath = "..\TeacherRegistrationUI\"
	EndProjectSection
EndProject
Global
	GlobalSection(SolutionConfigurationPlatforms) = preSolution
		Debug|Any CPU = Debug|Any CPU
	EndGlobalSection
	GlobalSection(ProjectConfigurationPlatforms) = postSolution
		{694E09B3-74A3-47D1-8BBD-CEC3E4A1258C}.Debug|Any CPU.ActiveCfg = Debug|Any CPU
		{694E09B3-74A3-47D1-8BBD-CEC3E4A1258C}.Debug|Any CPU.Build.0 = Debug|Any CPU
	EndGlobalSection
	GlobalSection(SolutionProperties) = preSolution
		HideSolutionNode = FALSE
	EndGlobalSection
	GlobalSection(ExtensibilityGlobals) = postSolution
		SolutionGuid = {FABACB27-C02B-4614-BF1C-E5F2D1BA9C75}
	EndGlobalSection
EndGlobal
